// !$*UTF8*$!
{
	archiveVersion = 1;
	classes = {
	};
	objectVersion = 77;
	objects = {

/* Begin PBXBuildFile section */
		4CA74D1E2DBA62DE00BE1336 /* ContentModulesPackage in Frameworks */ = {isa = PBXBuildFile; productRef = 4CA74D1D2DBA62DE00BE1336 /* ContentModulesPackage */; };
		4CAE89A32D9D8E1300AEE2C1 /* ContentModulesApp.swift in Sources */ = {isa = PBXBuildFile; fileRef = 4CAE89A02D9D8E1300AEE2C1 /* ContentModulesApp.swift */; };
		4CAE89A42D9D8E1300AEE2C1 /* ContentView.swift in Sources */ = {isa = PBXBuildFile; fileRef = 4CAE89A12D9D8E1300AEE2C1 /* ContentView.swift */; };
		4CAE89A52D9D8E1300AEE2C1 /* Assets.xcassets in Resources */ = {isa = PBXBuildFile; fileRef = 4CAE899E2D9D8E1300AEE2C1 /* Assets.xcassets */; };
		4CAE89D52D9EB01900AEE2C1 /* SampleSearchModel.swift in Sources */ = {isa = PBXBuildFile; fileRef = 4CAE89D42D9EB01500AEE2C1 /* SampleSearchModel.swift */; };
/* End PBXBuildFile section */

/* Begin PBXContainerItemProxy section */
		4CAE89822D9D8DA800AEE2C1 /* PBXContainerItemProxy */ = {
			isa = PBXContainerItemProxy;
			containerPortal = 4CAE896B2D9D8DA600AEE2C1 /* Project object */;
			proxyType = 1;
			remoteGlobalIDString = 4CAE89722D9D8DA600AEE2C1;
			remoteInfo = ContentModules;
		};
		4CAE898C2D9D8DA800AEE2C1 /* PBXContainerItemProxy */ = {
			isa = PBXContainerItemProxy;
			containerPortal = 4CAE896B2D9D8DA600AEE2C1 /* Project object */;
			proxyType = 1;
			remoteGlobalIDString = 4CAE89722D9D8DA600AEE2C1;
			remoteInfo = ContentModules;
		};
/* End PBXContainerItemProxy section */

/* Begin PBXFileReference section */
		4CA74D152DBA62A900BE1336 /* ContentModulesPackage */ = {isa = PBXFileReference; lastKnownFileType = wrapper; path = ContentModulesPackage; sourceTree = SOURCE_ROOT; };
		4CAE89732D9D8DA600AEE2C1 /* ContentModules.app */ = {isa = PBXFileReference; explicitFileType = wrapper.application; includeInIndex = 0; path = ContentModules.app; sourceTree = BUILT_PRODUCTS_DIR; };
		4CAE89812D9D8DA800AEE2C1 /* ContentModulesTests.xctest */ = {isa = PBXFileReference; explicitFileType = wrapper.cfbundle; includeInIndex = 0; path = ContentModulesTests.xctest; sourceTree = BUILT_PRODUCTS_DIR; };
		4CAE898B2D9D8DA800AEE2C1 /* ContentModulesUITests.xctest */ = {isa = PBXFileReference; explicitFileType = wrapper.cfbundle; includeInIndex = 0; path = ContentModulesUITests.xctest; sourceTree = BUILT_PRODUCTS_DIR; };
		4CAE899E2D9D8E1300AEE2C1 /* Assets.xcassets */ = {isa = PBXFileReference; lastKnownFileType = folder.assetcatalog; path = Assets.xcassets; sourceTree = "<group>"; };
		4CAE899F2D9D8E1300AEE2C1 /* ContentModules.entitlements */ = {isa = PBXFileReference; lastKnownFileType = text.plist.entitlements; path = ContentModules.entitlements; sourceTree = "<group>"; };
		4CAE89A02D9D8E1300AEE2C1 /* ContentModulesApp.swift */ = {isa = PBXFileReference; lastKnownFileType = sourcecode.swift; path = ContentModulesApp.swift; sourceTree = "<group>"; };
		4CAE89A12D9D8E1300AEE2C1 /* ContentView.swift */ = {isa = PBXFileReference; lastKnownFileType = sourcecode.swift; path = ContentView.swift; sourceTree = "<group>"; };
		4CAE89D42D9EB01500AEE2C1 /* SampleSearchModel.swift */ = {isa = PBXFileReference; lastKnownFileType = sourcecode.swift; path = SampleSearchModel.swift; sourceTree = "<group>"; };
/* End PBXFileReference section */

/* Begin PBXFileSystemSynchronizedRootGroup section */
		4CAE89842D9D8DA800AEE2C1 /* ContentModulesTests */ = {
			isa = PBXFileSystemSynchronizedRootGroup;
			path = ContentModulesTests;
			sourceTree = "<group>";
		};
		4CAE898E2D9D8DA800AEE2C1 /* ContentModulesUITests */ = {
			isa = PBXFileSystemSynchronizedRootGroup;
			path = ContentModulesUITests;
			sourceTree = "<group>";
		};
/* End PBXFileSystemSynchronizedRootGroup section */

/* Begin PBXFrameworksBuildPhase section */
		4CAE89702D9D8DA600AEE2C1 /* Frameworks */ = {
			isa = PBXFrameworksBuildPhase;
			buildActionMask = 2147483647;
			files = (
				4CA74D1E2DBA62DE00BE1336 /* ContentModulesPackage in Frameworks */,
			);
			runOnlyForDeploymentPostprocessing = 0;
		};
		4CAE897E2D9D8DA800AEE2C1 /* Frameworks */ = {
			isa = PBXFrameworksBuildPhase;
			buildActionMask = 2147483647;
			files = (
			);
			runOnlyForDeploymentPostprocessing = 0;
		};
		4CAE89882D9D8DA800AEE2C1 /* Frameworks */ = {
			isa = PBXFrameworksBuildPhase;
			buildActionMask = 2147483647;
			files = (
			);
			runOnlyForDeploymentPostprocessing = 0;
		};
/* End PBXFrameworksBuildPhase section */

/* Begin PBXGroup section */
		4CAE896A2D9D8DA600AEE2C1 = {
			isa = PBXGroup;
			children = (
				4CA74D152DBA62A900BE1336 /* ContentModulesPackage */,
				4CAE89A22D9D8E1300AEE2C1 /* ContentModules */,
				4CAE89842D9D8DA800AEE2C1 /* ContentModulesTests */,
				4CAE898E2D9D8DA800AEE2C1 /* ContentModulesUITests */,
				4CAE89742D9D8DA600AEE2C1 /* Products */,
			);
			sourceTree = "<group>";
		};
		4CAE89742D9D8DA600AEE2C1 /* Products */ = {
			isa = PBXGroup;
			children = (
				4CAE89732D9D8DA600AEE2C1 /* ContentModules.app */,
				4CAE89812D9D8DA800AEE2C1 /* ContentModulesTests.xctest */,
				4CAE898B2D9D8DA800AEE2C1 /* ContentModulesUITests.xctest */,
			);
			name = Products;
			sourceTree = "<group>";
		};
		4CAE89A22D9D8E1300AEE2C1 /* ContentModules */ = {
			isa = PBXGroup;
			children = (
				4CAE89A62D9D8E1900AEE2C1 /* Models */,
				4CAE899E2D9D8E1300AEE2C1 /* Assets.xcassets */,
				4CAE899F2D9D8E1300AEE2C1 /* ContentModules.entitlements */,
				4CAE89A02D9D8E1300AEE2C1 /* ContentModulesApp.swift */,
				4CAE89A12D9D8E1300AEE2C1 /* ContentView.swift */,
			);
			path = ContentModules;
			sourceTree = "<group>";
		};
		4CAE89A62D9D8E1900AEE2C1 /* Models */ = {
			isa = PBXGroup;
			children = (
				4CAE89D42D9EB01500AEE2C1 /* SampleSearchModel.swift */,
			);
			path = Models;
			sourceTree = "<group>";
		};
/* End PBXGroup section */

/* Begin PBXNativeTarget section */
		4CAE89722D9D8DA600AEE2C1 /* ContentModules */ = {
			isa = PBXNativeTarget;
			buildConfigurationList = 4CAE89952D9D8DA800AEE2C1 /* Build configuration list for PBXNativeTarget "ContentModules" */;
			buildPhases = (
				4CAE896F2D9D8DA600AEE2C1 /* Sources */,
				4CAE89702D9D8DA600AEE2C1 /* Frameworks */,
				4CAE89712D9D8DA600AEE2C1 /* Resources */,
			);
			buildRules = (
			);
			dependencies = (
			);
			name = ContentModules;
			packageProductDependencies = (
				4CA74D1D2DBA62DE00BE1336 /* ContentModulesPackage */,
			);
			productName = ContentModules;
			productReference = 4CAE89732D9D8DA600AEE2C1 /* ContentModules.app */;
			productType = "com.apple.product-type.application";
		};
		4CAE89802D9D8DA800AEE2C1 /* ContentModulesTests */ = {
			isa = PBXNativeTarget;
			buildConfigurationList = 4CAE89982D9D8DA800AEE2C1 /* Build configuration list for PBXNativeTarget "ContentModulesTests" */;
			buildPhases = (
				4CAE897D2D9D8DA800AEE2C1 /* Sources */,
				4CAE897E2D9D8DA800AEE2C1 /* Frameworks */,
				4CAE897F2D9D8DA800AEE2C1 /* Resources */,
			);
			buildRules = (
			);
			dependencies = (
				4CAE89832D9D8DA800AEE2C1 /* PBXTargetDependency */,
			);
			fileSystemSynchronizedGroups = (
				4CAE89842D9D8DA800AEE2C1 /* ContentModulesTests */,
			);
			name = ContentModulesTests;
			packageProductDependencies = (
			);
			productName = ContentModulesTests;
			productReference = 4CAE89812D9D8DA800AEE2C1 /* ContentModulesTests.xctest */;
			productType = "com.apple.product-type.bundle.unit-test";
		};
		4CAE898A2D9D8DA800AEE2C1 /* ContentModulesUITests */ = {
			isa = PBXNativeTarget;
			buildConfigurationList = 4CAE899B2D9D8DA800AEE2C1 /* Build configuration list for PBXNativeTarget "ContentModulesUITests" */;
			buildPhases = (
				4CAE89872D9D8DA800AEE2C1 /* Sources */,
				4CAE89882D9D8DA800AEE2C1 /* Frameworks */,
				4CAE89892D9D8DA800AEE2C1 /* Resources */,
			);
			buildRules = (
			);
			dependencies = (
				4CAE898D2D9D8DA800AEE2C1 /* PBXTargetDependency */,
			);
			fileSystemSynchronizedGroups = (
				4CAE898E2D9D8DA800AEE2C1 /* ContentModulesUITests */,
			);
			name = ContentModulesUITests;
			packageProductDependencies = (
			);
			productName = ContentModulesUITests;
			productReference = 4CAE898B2D9D8DA800AEE2C1 /* ContentModulesUITests.xctest */;
			productType = "com.apple.product-type.bundle.ui-testing";
		};
/* End PBXNativeTarget section */

/* Begin PBXProject section */
		4CAE896B2D9D8DA600AEE2C1 /* Project object */ = {
			isa = PBXProject;
			attributes = {
				BuildIndependentTargetsInParallel = 1;
				LastSwiftUpdateCheck = 1630;
				LastUpgradeCheck = 1630;
				TargetAttributes = {
					4CAE89722D9D8DA600AEE2C1 = {
						CreatedOnToolsVersion = 16.3;
					};
					4CAE89802D9D8DA800AEE2C1 = {
						CreatedOnToolsVersion = 16.3;
						TestTargetID = 4CAE89722D9D8DA600AEE2C1;
					};
					4CAE898A2D9D8DA800AEE2C1 = {
						CreatedOnToolsVersion = 16.3;
						TestTargetID = 4CAE89722D9D8DA600AEE2C1;
					};
				};
			};
			buildConfigurationList = 4CAE896E2D9D8DA600AEE2C1 /* Build configuration list for PBXProject "ContentModules" */;
			developmentRegion = en;
			hasScannedForEncodings = 0;
			knownRegions = (
				en,
				Base,
			);
			mainGroup = 4CAE896A2D9D8DA600AEE2C1;
			minimizedProjectReferenceProxies = 1;
			packageReferences = (
				4CA74D1C2DBA62DE00BE1336 /* XCLocalSwiftPackageReference "ContentModulesPackage" */,
			);
			preferredProjectObjectVersion = 77;
			productRefGroup = 4CAE89742D9D8DA600AEE2C1 /* Products */;
			projectDirPath = "";
			projectRoot = "";
			targets = (
				4CAE89722D9D8DA600AEE2C1 /* ContentModules */,
				4CAE89802D9D8DA800AEE2C1 /* ContentModulesTests */,
				4CAE898A2D9D8DA800AEE2C1 /* ContentModulesUITests */,
			);
		};
/* End PBXProject section */

/* Begin PBXResourcesBuildPhase section */
		4CAE89712D9D8DA600AEE2C1 /* Resources */ = {
			isa = PBXResourcesBuildPhase;
			buildActionMask = 2147483647;
			files = (
				4CAE89A52D9D8E1300AEE2C1 /* Assets.xcassets in Resources */,
			);
			runOnlyForDeploymentPostprocessing = 0;
		};
		4CAE897F2D9D8DA800AEE2C1 /* Resources */ = {
			isa = PBXResourcesBuildPhase;
			buildActionMask = 2147483647;
			files = (
			);
			runOnlyForDeploymentPostprocessing = 0;
		};
		4CAE89892D9D8DA800AEE2C1 /* Resources */ = {
			isa = PBXResourcesBuildPhase;
			buildActionMask = 2147483647;
			files = (
			);
			runOnlyForDeploymentPostprocessing = 0;
		};
/* End PBXResourcesBuildPhase section */

/* Begin PBXSourcesBuildPhase section */
		4CAE896F2D9D8DA600AEE2C1 /* Sources */ = {
			isa = PBXSourcesBuildPhase;
			buildActionMask = 2147483647;
			files = (
				4CAE89D52D9EB01900AEE2C1 /* SampleSearchModel.swift in Sources */,
				4CAE89A32D9D8E1300AEE2C1 /* ContentModulesApp.swift in Sources */,
				4CAE89A42D9D8E1300AEE2C1 /* ContentView.swift in Sources */,
			);
			runOnlyForDeploymentPostprocessing = 0;
		};
		4CAE897D2D9D8DA800AEE2C1 /* Sources */ = {
			isa = PBXSourcesBuildPhase;
			buildActionMask = 2147483647;
			files = (
			);
			runOnlyForDeploymentPostprocessing = 0;
		};
		4CAE89872D9D8DA800AEE2C1 /* Sources */ = {
			isa = PBXSourcesBuildPhase;
			buildActionMask = 2147483647;
			files = (
			);
			runOnlyForDeploymentPostprocessing = 0;
		};
/* End PBXSourcesBuildPhase section */

/* Begin PBXTargetDependency section */
		4CAE89832D9D8DA800AEE2C1 /* PBXTargetDependency */ = {
			isa = PBXTargetDependency;
			target = 4CAE89722D9D8DA600AEE2C1 /* ContentModules */;
			targetProxy = 4CAE89822D9D8DA800AEE2C1 /* PBXContainerItemProxy */;
		};
		4CAE898D2D9D8DA800AEE2C1 /* PBXTargetDependency */ = {
			isa = PBXTargetDependency;
			target = 4CAE89722D9D8DA600AEE2C1 /* ContentModules */;
			targetProxy = 4CAE898C2D9D8DA800AEE2C1 /* PBXContainerItemProxy */;
		};
/* End PBXTargetDependency section */

/* Begin XCBuildConfiguration section */
		4CAE89932D9D8DA800AEE2C1 /* Debug */ = {
			isa = XCBuildConfiguration;
			buildSettings = {
				ALWAYS_SEARCH_USER_PATHS = NO;
				ASSETCATALOG_COMPILER_GENERATE_SWIFT_ASSET_SYMBOL_EXTENSIONS = YES;
				CLANG_ANALYZER_NONNULL = YES;
				CLANG_ANALYZER_NUMBER_OBJECT_CONVERSION = YES_AGGRESSIVE;
				CLANG_CXX_LANGUAGE_STANDARD = "gnu++20";
				CLANG_ENABLE_MODULES = YES;
				CLANG_ENABLE_OBJC_ARC = YES;
				CLANG_ENABLE_OBJC_WEAK = YES;
				CLANG_WARN_BLOCK_CAPTURE_AUTORELEASING = YES;
				CLANG_WARN_BOOL_CONVERSION = YES;
				CLANG_WARN_COMMA = YES;
				CLANG_WARN_CONSTANT_CONVERSION = YES;
				CLANG_WARN_DEPRECATED_OBJC_IMPLEMENTATIONS = YES;
				CLANG_WARN_DIRECT_OBJC_ISA_USAGE = YES_ERROR;
				CLANG_WARN_DOCUMENTATION_COMMENTS = YES;
				CLANG_WARN_EMPTY_BODY = YES;
				CLANG_WARN_ENUM_CONVERSION = YES;
				CLANG_WARN_INFINITE_RECURSION = YES;
				CLANG_WARN_INT_CONVERSION = YES;
				CLANG_WARN_NON_LITERAL_NULL_CONVERSION = YES;
				CLANG_WARN_OBJC_IMPLICIT_RETAIN_SELF = YES;
				CLANG_WARN_OBJC_LITERAL_CONVERSION = YES;
				CLANG_WARN_OBJC_ROOT_CLASS = YES_ERROR;
				CLANG_WARN_QUOTED_INCLUDE_IN_FRAMEWORK_HEADER = YES;
				CLANG_WARN_RANGE_LOOP_ANALYSIS = YES;
				CLANG_WARN_STRICT_PROTOTYPES = YES;
				CLANG_WARN_SUSPICIOUS_MOVE = YES;
				CLANG_WARN_UNGUARDED_AVAILABILITY = YES_AGGRESSIVE;
				CLANG_WARN_UNREACHABLE_CODE = YES;
				CLANG_WARN__DUPLICATE_METHOD_MATCH = YES;
				COPY_PHASE_STRIP = NO;
				DEBUG_INFORMATION_FORMAT = dwarf;
				DEVELOPMENT_TEAM = 8DMT4AWHAP;
				ENABLE_STRICT_OBJC_MSGSEND = YES;
				ENABLE_TESTABILITY = YES;
				ENABLE_USER_SCRIPT_SANDBOXING = YES;
				GCC_C_LANGUAGE_STANDARD = gnu17;
				GCC_DYNAMIC_NO_PIC = NO;
				GCC_NO_COMMON_BLOCKS = YES;
				GCC_OPTIMIZATION_LEVEL = 0;
				GCC_PREPROCESSOR_DEFINITIONS = (
					"DEBUG=1",
					"$(inherited)",
				);
				GCC_WARN_64_TO_32_BIT_CONVERSION = YES;
				GCC_WARN_ABOUT_RETURN_TYPE = YES_ERROR;
				GCC_WARN_UNDECLARED_SELECTOR = YES;
				GCC_WARN_UNINITIALIZED_AUTOS = YES_AGGRESSIVE;
				GCC_WARN_UNUSED_FUNCTION = YES;
				GCC_WARN_UNUSED_VARIABLE = YES;
				LOCALIZATION_PREFERS_STRING_CATALOGS = YES;
				MTL_ENABLE_DEBUG_INFO = INCLUDE_SOURCE;
				MTL_FAST_MATH = YES;
				ONLY_ACTIVE_ARCH = YES;
				SWIFT_ACTIVE_COMPILATION_CONDITIONS = "DEBUG $(inherited)";
				SWIFT_OPTIMIZATION_LEVEL = "-Onone";
			};
			name = Debug;
		};
		4CAE89942D9D8DA800AEE2C1 /* Release */ = {
			isa = XCBuildConfiguration;
			buildSettings = {
				ALWAYS_SEARCH_USER_PATHS = NO;
				ASSETCATALOG_COMPILER_GENERATE_SWIFT_ASSET_SYMBOL_EXTENSIONS = YES;
				CLANG_ANALYZER_NONNULL = YES;
				CLANG_ANALYZER_NUMBER_OBJECT_CONVERSION = YES_AGGRESSIVE;
				CLANG_CXX_LANGUAGE_STANDARD = "gnu++20";
				CLANG_ENABLE_MODULES = YES;
				CLANG_ENABLE_OBJC_ARC = YES;
				CLANG_ENABLE_OBJC_WEAK = YES;
				CLANG_WARN_BLOCK_CAPTURE_AUTORELEASING = YES;
				CLANG_WARN_BOOL_CONVERSION = YES;
				CLANG_WARN_COMMA = YES;
				CLANG_WARN_CONSTANT_CONVERSION = YES;
				CLANG_WARN_DEPRECATED_OBJC_IMPLEMENTATIONS = YES;
				CLANG_WARN_DIRECT_OBJC_ISA_USAGE = YES_ERROR;
				CLANG_WARN_DOCUMENTATION_COMMENTS = YES;
				CLANG_WARN_EMPTY_BODY = YES;
				CLANG_WARN_ENUM_CONVERSION = YES;
				CLANG_WARN_INFINITE_RECURSION = YES;
				CLANG_WARN_INT_CONVERSION = YES;
				CLANG_WARN_NON_LITERAL_NULL_CONVERSION = YES;
				CLANG_WARN_OBJC_IMPLICIT_RETAIN_SELF = YES;
				CLANG_WARN_OBJC_LITERAL_CONVERSION = YES;
				CLANG_WARN_OBJC_ROOT_CLASS = YES_ERROR;
				CLANG_WARN_QUOTED_INCLUDE_IN_FRAMEWORK_HEADER = YES;
				CLANG_WARN_RANGE_LOOP_ANALYSIS = YES;
				CLANG_WARN_STRICT_PROTOTYPES = YES;
				CLANG_WARN_SUSPICIOUS_MOVE = YES;
				CLANG_WARN_UNGUARDED_AVAILABILITY = YES_AGGRESSIVE;
				CLANG_WARN_UNREACHABLE_CODE = YES;
				CLANG_WARN__DUPLICATE_METHOD_MATCH = YES;
				COPY_PHASE_STRIP = NO;
				DEBUG_INFORMATION_FORMAT = "dwarf-with-dsym";
				DEVELOPMENT_TEAM = 8DMT4AWHAP;
				ENABLE_NS_ASSERTIONS = NO;
				ENABLE_STRICT_OBJC_MSGSEND = YES;
				ENABLE_USER_SCRIPT_SANDBOXING = YES;
				GCC_C_LANGUAGE_STANDARD = gnu17;
				GCC_NO_COMMON_BLOCKS = YES;
				GCC_WARN_64_TO_32_BIT_CONVERSION = YES;
				GCC_WARN_ABOUT_RETURN_TYPE = YES_ERROR;
				GCC_WARN_UNDECLARED_SELECTOR = YES;
				GCC_WARN_UNINITIALIZED_AUTOS = YES_AGGRESSIVE;
				GCC_WARN_UNUSED_FUNCTION = YES;
				GCC_WARN_UNUSED_VARIABLE = YES;
				LOCALIZATION_PREFERS_STRING_CATALOGS = YES;
				MTL_ENABLE_DEBUG_INFO = NO;
				MTL_FAST_MATH = YES;
				SWIFT_COMPILATION_MODE = wholemodule;
			};
			name = Release;
		};
		4CAE89962D9D8DA800AEE2C1 /* Debug */ = {
			isa = XCBuildConfiguration;
			buildSettings = {
				ASSETCATALOG_COMPILER_APPICON_NAME = AppIcon;
				ASSETCATALOG_COMPILER_GLOBAL_ACCENT_COLOR_NAME = AccentColor;
				CODE_SIGN_ENTITLEMENTS = ContentModules/ContentModules.entitlements;
				CODE_SIGN_STYLE = Automatic;
				CURRENT_PROJECT_VERSION = 1;
				DEVELOPMENT_TEAM = 8DMT4AWHAP;
				ENABLE_HARDENED_RUNTIME = YES;
				ENABLE_PREVIEWS = YES;
				GENERATE_INFOPLIST_FILE = YES;
				"INFOPLIST_KEY_UIApplicationSceneManifest_Generation[sdk=iphoneos*]" = YES;
				"INFOPLIST_KEY_UIApplicationSceneManifest_Generation[sdk=iphonesimulator*]" = YES;
				"INFOPLIST_KEY_UIApplicationSupportsIndirectInputEvents[sdk=iphoneos*]" = YES;
				"INFOPLIST_KEY_UIApplicationSupportsIndirectInputEvents[sdk=iphonesimulator*]" = YES;
				"INFOPLIST_KEY_UILaunchScreen_Generation[sdk=iphoneos*]" = YES;
				"INFOPLIST_KEY_UILaunchScreen_Generation[sdk=iphonesimulator*]" = YES;
				"INFOPLIST_KEY_UIStatusBarStyle[sdk=iphoneos*]" = UIStatusBarStyleDefault;
				"INFOPLIST_KEY_UIStatusBarStyle[sdk=iphonesimulator*]" = UIStatusBarStyleDefault;
				INFOPLIST_KEY_UISupportedInterfaceOrientations_iPad = "UIInterfaceOrientationPortrait UIInterfaceOrientationPortraitUpsideDown UIInterfaceOrientationLandscapeLeft UIInterfaceOrientationLandscapeRight";
				INFOPLIST_KEY_UISupportedInterfaceOrientations_iPhone = "UIInterfaceOrientationPortrait UIInterfaceOrientationLandscapeLeft UIInterfaceOrientationLandscapeRight";
				IPHONEOS_DEPLOYMENT_TARGET = 18.4;
				LD_RUNPATH_SEARCH_PATHS = "@executable_path/Frameworks";
				"LD_RUNPATH_SEARCH_PATHS[sdk=macosx*]" = "@executable_path/../Frameworks";
				MACOSX_DEPLOYMENT_TARGET = 15.3;
				MARKETING_VERSION = 1.0;
				PRODUCT_BUNDLE_IDENTIFIER = nav.wamap.ContentModules;
				PRODUCT_NAME = "$(TARGET_NAME)";
				REGISTER_APP_GROUPS = YES;
				SDKROOT = auto;
				SUPPORTED_PLATFORMS = "iphoneos iphonesimulator macosx xros xrsimulator";
				SWIFT_EMIT_LOC_STRINGS = YES;
				SWIFT_VERSION = 5.0;
				TARGETED_DEVICE_FAMILY = "1,2,7";
				XROS_DEPLOYMENT_TARGET = 2.4;
			};
			name = Debug;
		};
		4CAE89972D9D8DA800AEE2C1 /* Release */ = {
			isa = XCBuildConfiguration;
			buildSettings = {
				ASSETCATALOG_COMPILER_APPICON_NAME = AppIcon;
				ASSETCATALOG_COMPILER_GLOBAL_ACCENT_COLOR_NAME = AccentColor;
				CODE_SIGN_ENTITLEMENTS = ContentModules/ContentModules.entitlements;
				CODE_SIGN_STYLE = Automatic;
				CURRENT_PROJECT_VERSION = 1;
				DEVELOPMENT_TEAM = 8DMT4AWHAP;
				ENABLE_HARDENED_RUNTIME = YES;
				ENABLE_PREVIEWS = YES;
				GENERATE_INFOPLIST_FILE = YES;
				"INFOPLIST_KEY_UIApplicationSceneManifest_Generation[sdk=iphoneos*]" = YES;
				"INFOPLIST_KEY_UIApplicationSceneManifest_Generation[sdk=iphonesimulator*]" = YES;
				"INFOPLIST_KEY_UIApplicationSupportsIndirectInputEvents[sdk=iphoneos*]" = YES;
				"INFOPLIST_KEY_UIApplicationSupportsIndirectInputEvents[sdk=iphonesimulator*]" = YES;
				"INFOPLIST_KEY_UILaunchScreen_Generation[sdk=iphoneos*]" = YES;
				"INFOPLIST_KEY_UILaunchScreen_Generation[sdk=iphonesimulator*]" = YES;
				"INFOPLIST_KEY_UIStatusBarStyle[sdk=iphoneos*]" = UIStatusBarStyleDefault;
				"INFOPLIST_KEY_UIStatusBarStyle[sdk=iphonesimulator*]" = UIStatusBarStyleDefault;
				INFOPLIST_KEY_UISupportedInterfaceOrientations_iPad = "UIInterfaceOrientationPortrait UIInterfaceOrientationPortraitUpsideDown UIInterfaceOrientationLandscapeLeft UIInterfaceOrientationLandscapeRight";
				INFOPLIST_KEY_UISupportedInterfaceOrientations_iPhone = "UIInterfaceOrientationPortrait UIInterfaceOrientationLandscapeLeft UIInterfaceOrientationLandscapeRight";
				IPHONEOS_DEPLOYMENT_TARGET = 18.4;
				LD_RUNPATH_SEARCH_PATHS = "@executable_path/Frameworks";
				"LD_RUNPATH_SEARCH_PATHS[sdk=macosx*]" = "@executable_path/../Frameworks";
				MACOSX_DEPLOYMENT_TARGET = 15.3;
				MARKETING_VERSION = 1.0;
				PRODUCT_BUNDLE_IDENTIFIER = nav.wamap.ContentModules;
				PRODUCT_NAME = "$(TARGET_NAME)";
				REGISTER_APP_GROUPS = YES;
				SDKROOT = auto;
				SUPPORTED_PLATFORMS = "iphoneos iphonesimulator macosx xros xrsimulator";
				SWIFT_EMIT_LOC_STRINGS = YES;
				SWIFT_VERSION = 5.0;
				TARGETED_DEVICE_FAMILY = "1,2,7";
				XROS_DEPLOYMENT_TARGET = 2.4;
			};
			name = Release;
		};
		4CAE89992D9D8DA800AEE2C1 /* Debug */ = {
			isa = XCBuildConfiguration;
			buildSettings = {
				BUNDLE_LOADER = "$(TEST_HOST)";
				CODE_SIGN_STYLE = Automatic;
				CURRENT_PROJECT_VERSION = 1;
				DEVELOPMENT_TEAM = 8DMT4AWHAP;
				GENERATE_INFOPLIST_FILE = YES;
				IPHONEOS_DEPLOYMENT_TARGET = 18.4;
				MACOSX_DEPLOYMENT_TARGET = 15.3;
				MARKETING_VERSION = 1.0;
				PRODUCT_BUNDLE_IDENTIFIER = nav.wamap.ContentModulesTests;
				PRODUCT_NAME = "$(TARGET_NAME)";
				SDKROOT = auto;
				SUPPORTED_PLATFORMS = "iphoneos iphonesimulator macosx xros xrsimulator";
				SWIFT_EMIT_LOC_STRINGS = NO;
				SWIFT_VERSION = 5.0;
				TARGETED_DEVICE_FAMILY = "1,2,7";
				TEST_HOST = "$(BUILT_PRODUCTS_DIR)/ContentModules.app/$(BUNDLE_EXECUTABLE_FOLDER_PATH)/ContentModules";
				XROS_DEPLOYMENT_TARGET = 2.4;
			};
			name = Debug;
		};
		4CAE899A2D9D8DA800AEE2C1 /* Release */ = {
			isa = XCBuildConfiguration;
			buildSettings = {
				BUNDLE_LOADER = "$(TEST_HOST)";
				CODE_SIGN_STYLE = Automatic;
				CURRENT_PROJECT_VERSION = 1;
				DEVELOPMENT_TEAM = 8DMT4AWHAP;
				GENERATE_INFOPLIST_FILE = YES;
				IPHONEOS_DEPLOYMENT_TARGET = 18.4;
				MACOSX_DEPLOYMENT_TARGET = 15.3;
				MARKETING_VERSION = 1.0;
				PRODUCT_BUNDLE_IDENTIFIER = nav.wamap.ContentModulesTests;
				PRODUCT_NAME = "$(TARGET_NAME)";
				SDKROOT = auto;
				SUPPORTED_PLATFORMS = "iphoneos iphonesimulator macosx xros xrsimulator";
				SWIFT_EMIT_LOC_STRINGS = NO;
				SWIFT_VERSION = 5.0;
				TARGETED_DEVICE_FAMILY = "1,2,7";
				TEST_HOST = "$(BUILT_PRODUCTS_DIR)/ContentModules.app/$(BUNDLE_EXECUTABLE_FOLDER_PATH)/ContentModules";
				XROS_DEPLOYMENT_TARGET = 2.4;
			};
			name = Release;
		};
		4CAE899C2D9D8DA800AEE2C1 /* Debug */ = {
			isa = XCBuildConfiguration;
			buildSettings = {
				CODE_SIGN_STYLE = Automatic;
				CURRENT_PROJECT_VERSION = 1;
				DEVELOPMENT_TEAM = 8DMT4AWHAP;
				GENERATE_INFOPLIST_FILE = YES;
				IPHONEOS_DEPLOYMENT_TARGET = 18.4;
				MACOSX_DEPLOYMENT_TARGET = 15.3;
				MARKETING_VERSION = 1.0;
				PRODUCT_BUNDLE_IDENTIFIER = nav.wamap.ContentModulesUITests;
				PRODUCT_NAME = "$(TARGET_NAME)";
				SDKROOT = auto;
				SUPPORTED_PLATFORMS = "iphoneos iphonesimulator macosx xros xrsimulator";
				SWIFT_EMIT_LOC_STRINGS = NO;
				SWIFT_VERSION = 5.0;
				TARGETED_DEVICE_FAMILY = "1,2,7";
				TEST_TARGET_NAME = ContentModules;
				XROS_DEPLOYMENT_TARGET = 2.4;
			};
			name = Debug;
		};
		4CAE899D2D9D8DA800AEE2C1 /* Release */ = {
			isa = XCBuildConfiguration;
			buildSettings = {
				CODE_SIGN_STYLE = Automatic;
				CURRENT_PROJECT_VERSION = 1;
				DEVELOPMENT_TEAM = 8DMT4AWHAP;
				GENERATE_INFOPLIST_FILE = YES;
				IPHONEOS_DEPLOYMENT_TARGET = 18.4;
				MACOSX_DEPLOYMENT_TARGET = 15.3;
				MARKETING_VERSION = 1.0;
				PRODUCT_BUNDLE_IDENTIFIER = nav.wamap.ContentModulesUITests;
				PRODUCT_NAME = "$(TARGET_NAME)";
				SDKROOT = auto;
				SUPPORTED_PLATFORMS = "iphoneos iphonesimulator macosx xros xrsimulator";
				SWIFT_EMIT_LOC_STRINGS = NO;
				SWIFT_VERSION = 5.0;
				TARGETED_DEVICE_FAMILY = "1,2,7";
				TEST_TARGET_NAME = ContentModules;
				XROS_DEPLOYMENT_TARGET = 2.4;
			};
			name = Release;
		};
/* End XCBuildConfiguration section */

/* Begin XCConfigurationList section */
		4CAE896E2D9D8DA600AEE2C1 /* Build configuration list for PBXProject "ContentModules" */ = {
			isa = XCConfigurationList;
			buildConfigurations = (
				4CAE89932D9D8DA800AEE2C1 /* Debug */,
				4CAE89942D9D8DA800AEE2C1 /* Release */,
			);
			defaultConfigurationIsVisible = 0;
			defaultConfigurationName = Release;
		};
		4CAE89952D9D8DA800AEE2C1 /* Build configuration list for PBXNativeTarget "ContentModules" */ = {
			isa = XCConfigurationList;
			buildConfigurations = (
				4CAE89962D9D8DA800AEE2C1 /* Debug */,
				4CAE89972D9D8DA800AEE2C1 /* Release */,
			);
			defaultConfigurationIsVisible = 0;
			defaultConfigurationName = Release;
		};
		4CAE89982D9D8DA800AEE2C1 /* Build configuration list for PBXNativeTarget "ContentModulesTests" */ = {
			isa = XCConfigurationList;
			buildConfigurations = (
				4CAE89992D9D8DA800AEE2C1 /* Debug */,
				4CAE899A2D9D8DA800AEE2C1 /* Release */,
			);
			defaultConfigurationIsVisible = 0;
			defaultConfigurationName = Release;
		};
		4CAE899B2D9D8DA800AEE2C1 /* Build configuration list for PBXNativeTarget "ContentModulesUITests" */ = {
			isa = XCConfigurationList;
			buildConfigurations = (
				4CAE899C2D9D8DA800AEE2C1 /* Debug */,
				4CAE899D2D9D8DA800AEE2C1 /* Release */,
			);
			defaultConfigurationIsVisible = 0;
			defaultConfigurationName = Release;
		};
/* End XCConfigurationList section */

/* Begin XCLocalSwiftPackageReference section */
		4CA74D1C2DBA62DE00BE1336 /* XCLocalSwiftPackageReference "ContentModulesPackage" */ = {
			isa = XCLocalSwiftPackageReference;
			relativePath = ContentModulesPackage;
		};
/* End XCLocalSwiftPackageReference section */

/* Begin XCSwiftPackageProductDependency section */
		4CA74D1D2DBA62DE00BE1336 /* ContentModulesPackage */ = {
			isa = XCSwiftPackageProductDependency;
			productName = ContentModulesPackage;
		};
/* End XCSwiftPackageProductDependency section */
	};
	rootObject = 4CAE896B2D9D8DA600AEE2C1 /* Project object */;
}
